
Microsoft Visual Studio Solution File, Format Version 12.00
# Visual Studio Version 16
VisualStudioVersion = 16.0.32228.343
MinimumVisualStudioVersion = 10.0.40219.1
Project("{FAE04EC0-301F-11D3-BF4B-00C04F79EFBC}") = "Auvo.ClimaTempo.WebApp", "Auvo.ClimaTempo.WebApp\Auvo.ClimaTempo.WebApp.csproj", "{A5A4D8A4-6F93-42C8-9865-CBE0AFD413E1}"
EndProject
Global
	GlobalSection(SolutionConfigurationPlatforms) = preSolution
		Debug|Any CPU = Debug|Any CPU
		Release|Any CPU = Release|Any CPU
	EndGlobalSection
	GlobalSection(ProjectConfigurationPlatforms) = postSolution
		{A5A4D8A4-6F93-42C8-9865-CBE0AFD413E1}.Debug|Any CPU.ActiveCfg = Debug|Any CPU
		{A5A4D8A4-6F93-42C8-9865-CBE0AFD413E1}.Debug|Any CPU.Build.0 = Debug|Any CPU
		{A5A4D8A4-6F93-42C8-9865-CBE0AFD413E1}.Release|Any CPU.ActiveCfg = Release|Any CPU
		{A5A4D8A4-6F93-42C8-9865-CBE0AFD413E1}.Release|Any CPU.Build.0 = Release|Any CPU
	EndGlobalSection
	GlobalSection(SolutionProperties) = preSolution
		HideSolutionNode = FALSE
	EndGlobalSection
	GlobalSection(ExtensibilityGlobals) = postSolution
		SolutionGuid = {7657673F-2B95-41A2-969E-97A95D7A6457}
	EndGlobalSection
EndGlobal
